
Microsoft Visual Studio Solution File, Format Version 12.00
# Visual Studio Version 16
VisualStudioVersion = 16.0.30413.136
MinimumVisualStudioVersion = 10.0.40219.1
Project("{FAE04EC0-301F-11D3-BF4B-00C04F79EFBC}") = "WebCrawlerAPI", "WebCrawlerAPI\WebCrawlerAPI.csproj", "{581F78C6-8433-43D0-B392-712F7C7EF6E5}"
EndProject
Project("{FAE04EC0-301F-11D3-BF4B-00C04F79EFBC}") = "WebCrawlerAPI.Tests", "WebCrawlerAPI.Tests\WebCrawlerAPI.Tests.csproj", "{1561C738-65C0-4824-99CB-AEDC885D87FE}"
EndProject
Global
	GlobalSection(SolutionConfigurationPlatforms) = preSolution
		Debug|Any CPU = Debug|Any CPU
		Release|Any CPU = Release|Any CPU
	EndGlobalSection
	GlobalSection(ProjectConfigurationPlatforms) = postSolution
		{581F78C6-8433-43D0-B392-712F7C7EF6E5}.Debug|Any CPU.ActiveCfg = Debug|Any CPU
		{581F78C6-8433-43D0-B392-712F7C7EF6E5}.Debug|Any CPU.Build.0 = Debug|Any CPU
		{581F78C6-8433-43D0-B392-712F7C7EF6E5}.Release|Any CPU.ActiveCfg = Release|Any CPU
		{581F78C6-8433-43D0-B392-712F7C7EF6E5}.Release|Any CPU.Build.0 = Release|Any CPU
		{1561C738-65C0-4824-99CB-AEDC885D87FE}.Debug|Any CPU.ActiveCfg = Debug|Any CPU
		{1561C738-65C0-4824-99CB-AEDC885D87FE}.Debug|Any CPU.Build.0 = Debug|Any CPU
		{1561C738-65C0-4824-99CB-AEDC885D87FE}.Release|Any CPU.ActiveCfg = Release|Any CPU
		{1561C738-65C0-4824-99CB-AEDC885D87FE}.Release|Any CPU.Build.0 = Release|Any CPU
	EndGlobalSection
	GlobalSection(SolutionProperties) = preSolution
		HideSolutionNode = FALSE
	EndGlobalSection
	GlobalSection(ExtensibilityGlobals) = postSolution
		SolutionGuid = {23D215E7-1EFF-4CBC-88D6-86C681805E5F}
	EndGlobalSection
EndGlobal
